
Microsoft Visual Studio Solution File, Format Version 12.00
# Visual Studio 15
VisualStudioVersion = 15.0.27703.2042
MinimumVisualStudioVersion = 10.0.40219.1
Project("{FAE04EC0-301F-11D3-BF4B-00C04F79EFBC}") = "MissingNumbers", "MissingNumbers\MissingNumbers.csproj", "{710791A9-D411-4AA2-BA05-D532FD05EC50}"
EndProject
Global
	GlobalSection(SolutionConfigurationPlatforms) = preSolution
		Debug|Any CPU = Debug|Any CPU
		Release|Any CPU = Release|Any CPU
	EndGlobalSection
	GlobalSection(ProjectConfigurationPlatforms) = postSolution
		{710791A9-D411-4AA2-BA05-D532FD05EC50}.Debug|Any CPU.ActiveCfg = Debug|Any CPU
		{710791A9-D411-4AA2-BA05-D532FD05EC50}.Debug|Any CPU.Build.0 = Debug|Any CPU
		{710791A9-D411-4AA2-BA05-D532FD05EC50}.Release|Any CPU.ActiveCfg = Release|Any CPU
		{710791A9-D411-4AA2-BA05-D532FD05EC50}.Release|Any CPU.Build.0 = Release|Any CPU
	EndGlobalSection
	GlobalSection(SolutionProperties) = preSolution
		HideSolutionNode = FALSE
	EndGlobalSection
	GlobalSection(ExtensibilityGlobals) = postSolution
		SolutionGuid = {84A3CEF7-76EB-47CC-AD3C-02F449A3D7F0}
	EndGlobalSection
EndGlobal
